<?xml version="1.0" encoding="utf-8"?>
<Project ToolsVersion="4.0" xmlns="http://schemas.microsoft.com/developer/msbuild/2003">
  <ItemGroup>
    <Filter Include="Assets">
      <UniqueIdentifier>17b52f90-9b33-4188-8a0e-808582bbabbc</UniqueIdentifier>
      <Extensions>ico;bmp;dlg;gif;jpg;jpeg;jpe;resx;tiff;tif;png;wav;resw;resjson</Extensions>
    </Filter>
    <Filter Include="adplug">
      <UniqueIdentifier>{e0154447-2329-47d7-8713-a66a8cc6b0c8}</UniqueIdentifier>
    </Filter>
    <Filter Include="Assets\Data">
      <UniqueIdentifier>{b92e17f5-b5dd-48b2-924f-59695abbed55}</UniqueIdentifier>
    </Filter>
  </ItemGroup>
  <ItemGroup>
    <Image Include="Assets\ApplicationIcon.png">
      <Filter>Assets</Filter>
    </Image>
    <Image Include="Assets\AlignmentGrid.png">
      <Filter>Assets</Filter>
    </Image>
    <Image Include="Assets\Tiles\FlipCycleTileLarge.png">
      <Filter>Assets</Filter>
    </Image>
    <Image Include="Assets\Tiles\FlipCycleTileMedium.png">
      <Filter>Assets</Filter>
    </Image>
    <Image Include="Assets\Tiles\FlipCycleTileSmall.png">
      <Filter>Assets</Filter>
    </Image>
    <Image Include="Assets\Tiles\IconicTileMediumLarge.png">
      <Filter>Assets</Filter>
    </Image>
    <Image Include="Assets\Tiles\IconicTileSmall.png">
      <Filter>Assets</Filter>
    </Image>
  </ItemGroup>
  <ItemGroup>
    <Xml Include="WMAppManifest.xml" />
  </ItemGroup>
  <ItemGroup>
    <ClInclude Include="..\ascii.h" />
    <ClInclude Include="..\battle.h" />
    <ClInclude Include="..\common.h" />
    <ClInclude Include="..\ending.h" />
    <ClInclude Include="..\fight.h" />
    <ClInclude Include="..\font.h" />
    <ClInclude Include="..\game.h" />
    <ClInclude Include="..\getopt.h" />
    <ClInclude Include="..\global.h" />
    <ClInclude Include="..\input.h" />
    <ClInclude Include="..\itemmenu.h" />
    <ClInclude Include="..\magicmenu.h" />
    <ClInclude Include="..\main.h" />
    <ClInclude Include="..\map.h" />
    <ClInclude Include="..\palcommon.h" />
    <ClInclude Include="..\palette.h" />
    <ClInclude Include="..\play.h" />
    <ClInclude Include="..\res.h" />
    <ClInclude Include="..\rixplay.h" />
    <ClInclude Include="..\rngplay.h" />
    <ClInclude Include="..\scene.h" />
    <ClInclude Include="..\script.h" />
    <ClInclude Include="..\sound.h" />
    <ClInclude Include="..\text.h" />
    <ClInclude Include="..\ui.h" />
    <ClInclude Include="..\uibattle.h" />
    <ClInclude Include="..\uigame.h" />
    <ClInclude Include="..\util.h" />
    <ClInclude Include="..\video.h" />
    <ClInclude Include="..\adplug\binfile.h">
      <Filter>adplug</Filter>
    </ClInclude>
    <ClInclude Include="..\adplug\binio.h">
      <Filter>adplug</Filter>
    </ClInclude>
    <ClInclude Include="..\adplug\demuopl.h">
      <Filter>adplug</Filter>
    </ClInclude>
    <ClInclude Include="..\adplug\dosbox_opl.h">
      <Filter>adplug</Filter>
    </ClInclude>
    <ClInclude Include="..\adplug\emuopl.h">
      <Filter>adplug</Filter>
    </ClInclude>
    <ClInclude Include="..\adplug\fmopl.h">
      <Filter>adplug</Filter>
    </ClInclude>
    <ClInclude Include="..\adplug\fprovide.h">
      <Filter>adplug</Filter>
    </ClInclude>
    <ClInclude Include="..\adplug\opl.h">
      <Filter>adplug</Filter>
    </ClInclude>
    <ClInclude Include="..\adplug\player.h">
      <Filter>adplug</Filter>
    </ClInclude>
    <ClInclude Include="..\adplug\rix.h">
      <Filter>adplug</Filter>
    </ClInclude>
    <ClInclude Include="..\adplug\surroundopl.h">
      <Filter>adplug</Filter>
    </ClInclude>
  </ItemGroup>
  <ItemGroup>
    <ClCompile Include="..\battle.c" />
    <ClCompile Include="..\ending.c" />
    <ClCompile Include="..\fight.c" />
    <ClCompile Include="..\font.c" />
    <ClCompile Include="..\game.c" />
    <ClCompile Include="..\getopt.c" />
    <ClCompile Include="..\global.c" />
    <ClCompile Include="..\input.c" />
    <ClCompile Include="..\itemmenu.c" />
    <ClCompile Include="..\magicmenu.c" />
    <ClCompile Include="..\main.c" />
    <ClCompile Include="..\map.c" />
    <ClCompile Include="..\palcommon.c" />
    <ClCompile Include="..\palette.c" />
    <ClCompile Include="..\play.c" />
    <ClCompile Include="..\res.c" />
    <ClCompile Include="..\rixplay.cpp" />
    <ClCompile Include="..\rngplay.c" />
    <ClCompile Include="..\scene.c" />
    <ClCompile Include="..\script.c" />
    <ClCompile Include="..\sound.c" />
    <ClCompile Include="..\text.c" />
    <ClCompile Include="..\ui.c" />
    <ClCompile Include="..\uibattle.c" />
    <ClCompile Include="..\uigame.c" />
    <ClCompile Include="..\util.c" />
    <ClCompile Include="..\video.c" />
    <ClCompile Include="..\yj1.c" />
    <ClCompile Include="..\adplug\binfile.cpp">
      <Filter>adplug</Filter>
    </ClCompile>
    <ClCompile Include="..\adplug\binio.cpp">
      <Filter>adplug</Filter>
    </ClCompile>
    <ClCompile Include="..\adplug\dosbox_opl.cpp">
      <Filter>adplug</Filter>
    </ClCompile>
    <ClCompile Include="..\adplug\emuopl.cpp">
      <Filter>adplug</Filter>
    </ClCompile>
    <ClCompile Include="..\adplug\fmopl.c">
      <Filter>adplug</Filter>
    </ClCompile>
    <ClCompile Include="..\adplug\fprovide.cpp">
      <Filter>adplug</Filter>
    </ClCompile>
    <ClCompile Include="..\adplug\player.cpp">
      <Filter>adplug</Filter>
    </ClCompile>
    <ClCompile Include="..\adplug\rix.cpp">
      <Filter>adplug</Filter>
    </ClCompile>
    <ClCompile Include="..\adplug\surroundopl.cpp">
      <Filter>adplug</Filter>
    </ClCompile>
    <ClCompile Include="SDL2\src\main\winrt\SDL_winrt_main_NonXAML.cpp" />
    <ClCompile Include="WinPhoneUtil.cpp" />
  </ItemGroup>
  <ItemGroup>
    <None Include="Assets\Data\DATA.MKF">
      <Filter>Assets\Data</Filter>
    </None>
    <None Include="Assets\Data\ABC.MKF">
      <Filter>Assets\Data</Filter>
    </None>
    <None Include="Assets\Data\BALL.MKF">
      <Filter>Assets\Data</Filter>
    </None>
    <None Include="Assets\Data\F.MKF">
      <Filter>Assets\Data</Filter>
    </None>
    <None Include="Assets\Data\FBP.MKF">
      <Filter>Assets\Data</Filter>
    </None>
    <None Include="Assets\Data\FIRE.MKF">
      <Filter>Assets\Data</Filter>
    </None>
    <None Include="Assets\Data\GOP.MKF">
      <Filter>Assets\Data</Filter>
    </None>
    <None Include="Assets\Data\MAP.MKF">
      <Filter>Assets\Data</Filter>
    </None>
    <None Include="Assets\Data\M.MSG">
      <Filter>Assets\Data</Filter>
    </None>
    <None Include="Assets\Data\MGO.MKF">
      <Filter>Assets\Data</Filter>
    </None>
    <None Include="Assets\Data\MUS.MKF">
      <Filter>Assets\Data</Filter>
    </None>
    <None Include="Assets\Data\PAT.MKF">
      <Filter>Assets\Data</Filter>
    </None>
    <None Include="Assets\Data\RGM.MKF">
      <Filter>Assets\Data</Filter>
    </None>
    <None Include="Assets\Data\RNG.MKF">
      <Filter>Assets\Data</Filter>
    </None>
    <None Include="Assets\Data\VOC.MKF">
      <Filter>Assets\Data</Filter>
    </None>
    <None Include="Assets\Data\SSS.MKF">
      <Filter>Assets\Data</Filter>
    </None>
    <None Include="Assets\Data\WOR16.ASC">
      <Filter>Assets\Data</Filter>
    </None>
    <None Include="Assets\Data\wor16.fon">
      <Filter>Assets\Data</Filter>
    </None>
    <None Include="Assets\Data\WORD.DAT">
      <Filter>Assets\Data</Filter>
    </None>
  </ItemGroup>
</Project>