
Microsoft Visual Studio Solution File, Format Version 12.00
# Visual Studio 14
VisualStudioVersion = 14.0.25123.0
MinimumVisualStudioVersion = 10.0.40219.1
Project("{8BC9CEB8-8B4A-11D0-8D11-00A0C91BC942}") = "SDLPal.Core", "SDLPal.UWP\SDLPal.Core.vcxproj", "{96D34C5D-CE4D-43F7-822C-C34775AAFEA8}"
EndProject
Project("{8BC9CEB8-8B4A-11D0-8D11-00A0C91BC942}") = "SDLPal.Common", "SDLPal.UWP\SDLPal.Common.vcxproj", "{0425A2D9-BB80-4C35-8C69-1DA6E3494FA6}"
EndProject
Project("{8BC9CEB8-8B4A-11D0-8D11-00A0C91BC942}") = "SDLPal", "SDLPal.UWP\SDLPal.UWP.vcxproj", "{B1809B68-0D9A-4E0E-ADDB-272CA1C9FA38}"
	ProjectSection(ProjectDependencies) = postProject
		{89E9B32E-A86A-47C3-A948-D2B1622925CE} = {89E9B32E-A86A-47C3-A948-D2B1622925CE}
		{96D34C5D-CE4D-43F7-822C-C34775AAFEA8} = {96D34C5D-CE4D-43F7-822C-C34775AAFEA8}
		{0425A2D9-BB80-4C35-8C69-1DA6E3494FA6} = {0425A2D9-BB80-4C35-8C69-1DA6E3494FA6}
	EndProjectSection
EndProject
Project("{8BC9CEB8-8B4A-11D0-8D11-00A0C91BC942}") = "SDL2-UWP", "..\3rd\SDL\VisualC-WinRT\UWP_VS2015\SDL-UWP.vcxproj", "{89E9B32E-A86A-47C3-A948-D2B1622925CE}"
	ProjectSection(ProjectDependencies) = postProject
		{0425A2D9-BB80-4C35-8C69-1DA6E3494FA6} = {0425A2D9-BB80-4C35-8C69-1DA6E3494FA6}
	EndProjectSection
EndProject
Global
	GlobalSection(SolutionConfigurationPlatforms) = preSolution
		Debug|ARM = Debug|ARM
		Debug|x64 = Debug|x64
		Debug|x86 = Debug|x86
		Release|ARM = Release|ARM
		Release|x64 = Release|x64
		Release|x86 = Release|x86
	EndGlobalSection
	GlobalSection(ProjectConfigurationPlatforms) = postSolution
		{96D34C5D-CE4D-43F7-822C-C34775AAFEA8}.Debug|ARM.ActiveCfg = Debug|ARM
		{96D34C5D-CE4D-43F7-822C-C34775AAFEA8}.Debug|ARM.Build.0 = Debug|ARM
		{96D34C5D-CE4D-43F7-822C-C34775AAFEA8}.Debug|x64.ActiveCfg = Debug|x64
		{96D34C5D-CE4D-43F7-822C-C34775AAFEA8}.Debug|x64.Build.0 = Debug|x64
		{96D34C5D-CE4D-43F7-822C-C34775AAFEA8}.Debug|x86.ActiveCfg = Debug|Win32
		{96D34C5D-CE4D-43F7-822C-C34775AAFEA8}.Debug|x86.Build.0 = Debug|Win32
		{96D34C5D-CE4D-43F7-822C-C34775AAFEA8}.Release|ARM.ActiveCfg = Release|ARM
		{96D34C5D-CE4D-43F7-822C-C34775AAFEA8}.Release|ARM.Build.0 = Release|ARM
		{96D34C5D-CE4D-43F7-822C-C34775AAFEA8}.Release|x64.ActiveCfg = Release|x64
		{96D34C5D-CE4D-43F7-822C-C34775AAFEA8}.Release|x64.Build.0 = Release|x64
		{96D34C5D-CE4D-43F7-822C-C34775AAFEA8}.Release|x86.ActiveCfg = Release|Win32
		{96D34C5D-CE4D-43F7-822C-C34775AAFEA8}.Release|x86.Build.0 = Release|Win32
		{0425A2D9-BB80-4C35-8C69-1DA6E3494FA6}.Debug|ARM.ActiveCfg = Debug|ARM
		{0425A2D9-BB80-4C35-8C69-1DA6E3494FA6}.Debug|ARM.Build.0 = Debug|ARM
		{0425A2D9-BB80-4C35-8C69-1DA6E3494FA6}.Debug|x64.ActiveCfg = Debug|x64
		{0425A2D9-BB80-4C35-8C69-1DA6E3494FA6}.Debug|x64.Build.0 = Debug|x64
		{0425A2D9-BB80-4C35-8C69-1DA6E3494FA6}.Debug|x86.ActiveCfg = Debug|Win32
		{0425A2D9-BB80-4C35-8C69-1DA6E3494FA6}.Debug|x86.Build.0 = Debug|Win32
		{0425A2D9-BB80-4C35-8C69-1DA6E3494FA6}.Release|ARM.ActiveCfg = Release|ARM
		{0425A2D9-BB80-4C35-8C69-1DA6E3494FA6}.Release|ARM.Build.0 = Release|ARM
		{0425A2D9-BB80-4C35-8C69-1DA6E3494FA6}.Release|x64.ActiveCfg = Release|x64
		{0425A2D9-BB80-4C35-8C69-1DA6E3494FA6}.Release|x64.Build.0 = Release|x64
		{0425A2D9-BB80-4C35-8C69-1DA6E3494FA6}.Release|x86.ActiveCfg = Release|Win32
		{0425A2D9-BB80-4C35-8C69-1DA6E3494FA6}.Release|x86.Build.0 = Release|Win32
		{B1809B68-0D9A-4E0E-ADDB-272CA1C9FA38}.Debug|ARM.ActiveCfg = Debug|ARM
		{B1809B68-0D9A-4E0E-ADDB-272CA1C9FA38}.Debug|ARM.Build.0 = Debug|ARM
		{B1809B68-0D9A-4E0E-ADDB-272CA1C9FA38}.Debug|ARM.Deploy.0 = Debug|ARM
		{B1809B68-0D9A-4E0E-ADDB-272CA1C9FA38}.Debug|x64.ActiveCfg = Debug|x64
		{B1809B68-0D9A-4E0E-ADDB-272CA1C9FA38}.Debug|x64.Build.0 = Debug|x64
		{B1809B68-0D9A-4E0E-ADDB-272CA1C9FA38}.Debug|x64.Deploy.0 = Debug|x64
		{B1809B68-0D9A-4E0E-ADDB-272CA1C9FA38}.Debug|x86.ActiveCfg = Debug|Win32
		{B1809B68-0D9A-4E0E-ADDB-272CA1C9FA38}.Debug|x86.Build.0 = Debug|Win32
		{B1809B68-0D9A-4E0E-ADDB-272CA1C9FA38}.Debug|x86.Deploy.0 = Debug|Win32
		{B1809B68-0D9A-4E0E-ADDB-272CA1C9FA38}.Release|ARM.ActiveCfg = Release|ARM
		{B1809B68-0D9A-4E0E-ADDB-272CA1C9FA38}.Release|ARM.Build.0 = Release|ARM
		{B1809B68-0D9A-4E0E-ADDB-272CA1C9FA38}.Release|ARM.Deploy.0 = Release|ARM
		{B1809B68-0D9A-4E0E-ADDB-272CA1C9FA38}.Release|x64.ActiveCfg = Release|x64
		{B1809B68-0D9A-4E0E-ADDB-272CA1C9FA38}.Release|x64.Build.0 = Release|x64
		{B1809B68-0D9A-4E0E-ADDB-272CA1C9FA38}.Release|x64.Deploy.0 = Release|x64
		{B1809B68-0D9A-4E0E-ADDB-272CA1C9FA38}.Release|x86.ActiveCfg = Release|Win32
		{B1809B68-0D9A-4E0E-ADDB-272CA1C9FA38}.Release|x86.Build.0 = Release|Win32
		{B1809B68-0D9A-4E0E-ADDB-272CA1C9FA38}.Release|x86.Deploy.0 = Release|Win32
		{89E9B32E-A86A-47C3-A948-D2B1622925CE}.Debug|ARM.ActiveCfg = Debug|ARM
		{89E9B32E-A86A-47C3-A948-D2B1622925CE}.Debug|ARM.Build.0 = Debug|ARM
		{89E9B32E-A86A-47C3-A948-D2B1622925CE}.Debug|x64.ActiveCfg = Debug|x64
		{89E9B32E-A86A-47C3-A948-D2B1622925CE}.Debug|x64.Build.0 = Debug|x64
		{89E9B32E-A86A-47C3-A948-D2B1622925CE}.Debug|x86.ActiveCfg = Debug|Win32
		{89E9B32E-A86A-47C3-A948-D2B1622925CE}.Debug|x86.Build.0 = Debug|Win32
		{89E9B32E-A86A-47C3-A948-D2B1622925CE}.Release|ARM.ActiveCfg = Release|ARM
		{89E9B32E-A86A-47C3-A948-D2B1622925CE}.Release|ARM.Build.0 = Release|ARM
		{89E9B32E-A86A-47C3-A948-D2B1622925CE}.Release|x64.ActiveCfg = Release|x64
		{89E9B32E-A86A-47C3-A948-D2B1622925CE}.Release|x64.Build.0 = Release|x64
		{89E9B32E-A86A-47C3-A948-D2B1622925CE}.Release|x86.ActiveCfg = Release|Win32
		{89E9B32E-A86A-47C3-A948-D2B1622925CE}.Release|x86.Build.0 = Release|Win32
	EndGlobalSection
	GlobalSection(SolutionProperties) = preSolution
		HideSolutionNode = FALSE
	EndGlobalSection
EndGlobal
