<?xml version="1.0" encoding="utf-8"?>
<Project ToolsVersion="14.0" xmlns="http://schemas.microsoft.com/developer/msbuild/2003">
  <ItemGroup>
    <ClInclude Include="..\SDLPal.Common\AsyncHelper.h" />
    <ClInclude Include="..\SDLPal.Common\StringHelper.h" />
    <ClInclude Include="..\SDLPal.Common\NativeBuffer.h" />
  </ItemGroup>
  <ItemGroup>
    <None Include="..\SDLPal.Common\SDLPal.Common.def" />
  </ItemGroup>
  <ItemGroup>
    <ClCompile Include="..\SDLPal.Common\WinRTIO.cpp" />
  </ItemGroup>
</Project>