<?xml version="1.0" encoding="utf-8"?>
<Project ToolsVersion="14.0" xmlns="http://schemas.microsoft.com/developer/msbuild/2003">
  <ItemGroup>
    <Filter Include="Header Files">
      <UniqueIdentifier>{0cc36439-f62a-4ee3-ac67-fef3acee973c}</UniqueIdentifier>
      <Extensions>h;hpp;hxx;hm;inl</Extensions>
    </Filter>
    <Filter Include="Source Files">
      <UniqueIdentifier>{95d59617-3d0f-4b67-80c1-a23fa64b2d41}</UniqueIdentifier>
      <Extensions>cpp;c;cxx;rc;def;r;odl;idl;hpj;bat</Extensions>
    </Filter>
    <Filter Include="adplug">
      <UniqueIdentifier>{27ea6ab0-52c3-43a4-9a9e-e20b6996ec03}</UniqueIdentifier>
    </Filter>
    <Filter Include="libmad">
      <UniqueIdentifier>{3d46b214-c177-4096-be4f-ff5cd07831b3}</UniqueIdentifier>
    </Filter>
    <Filter Include="liboggvorbis">
      <UniqueIdentifier>{34f6b1e0-5d44-43a4-8c85-5cfd9ff9bf8f}</UniqueIdentifier>
    </Filter>
    <Filter Include="liboggvorbis\include">
      <UniqueIdentifier>{5e19faaf-a5d7-4014-aa6c-b14296a45a88}</UniqueIdentifier>
    </Filter>
    <Filter Include="liboggvorbis\src">
      <UniqueIdentifier>{6db62a3d-3b1c-40cd-bda9-d2713379a5cf}</UniqueIdentifier>
    </Filter>
    <Filter Include="liboggvorbis\include\ogg">
      <UniqueIdentifier>{dcebed9e-440d-40ef-b255-ca1cb30ce9e3}</UniqueIdentifier>
    </Filter>
    <Filter Include="liboggvorbis\include\vorbis">
      <UniqueIdentifier>{fda068f3-3ee4-4c4a-ab80-bc84267c94e7}</UniqueIdentifier>
    </Filter>
    <Filter Include="liboggvorbis\src\books">
      <UniqueIdentifier>{97378ad9-c9a6-4e6f-9134-93430f055e6c}</UniqueIdentifier>
    </Filter>
    <Filter Include="liboggvorbis\src\modes">
      <UniqueIdentifier>{54f011fe-6640-4bf3-9757-a8b5771b272a}</UniqueIdentifier>
    </Filter>
    <Filter Include="liboggvorbis\src\books\coupled">
      <UniqueIdentifier>{52457dd7-3981-41e0-a2c7-9910705fb32a}</UniqueIdentifier>
    </Filter>
    <Filter Include="liboggvorbis\src\books\floor">
      <UniqueIdentifier>{d106ecf2-27c8-410f-a3fd-6a36a75206e9}</UniqueIdentifier>
    </Filter>
    <Filter Include="liboggvorbis\src\books\uncoupled">
      <UniqueIdentifier>{7a01992b-546d-4d62-a521-c01bd1500f9c}</UniqueIdentifier>
    </Filter>
    <Filter Include="native_midi">
      <UniqueIdentifier>{34823dc2-aeaf-4acc-bdef-5069e35186ed}</UniqueIdentifier>
    </Filter>
    <Filter Include="generated">
      <UniqueIdentifier>{715380f7-416a-47aa-8162-46cc7696849d}</UniqueIdentifier>
      <SourceControlFiles>False</SourceControlFiles>
    </Filter>
    <Filter Include="adplug\dosbox">
      <UniqueIdentifier>{12e3b384-b9db-489c-8425-f9392e5075af}</UniqueIdentifier>
    </Filter>
    <Filter Include="adplug\mame">
      <UniqueIdentifier>{69cff95b-9535-41fc-b862-ebaa718f2349}</UniqueIdentifier>
    </Filter>
    <Filter Include="adplug\nuked">
      <UniqueIdentifier>{ac4cdbdc-c318-4396-9a4e-2dd9863eb751}</UniqueIdentifier>
    </Filter>
  </ItemGroup>
  <ItemGroup>
    <ClInclude Include="..\..\adplug\binfile.h">
      <Filter>adplug</Filter>
    </ClInclude>
    <ClInclude Include="..\..\adplug\binio.h">
      <Filter>adplug</Filter>
    </ClInclude>
    <ClInclude Include="..\..\adplug\convertopl.h">
      <Filter>adplug</Filter>
    </ClInclude>
    <ClInclude Include="..\..\adplug\emuopls.h">
      <Filter>adplug</Filter>
    </ClInclude>
    <ClInclude Include="..\..\adplug\fprovide.h">
      <Filter>adplug</Filter>
    </ClInclude>
    <ClInclude Include="..\..\adplug\opl.h">
      <Filter>adplug</Filter>
    </ClInclude>
    <ClInclude Include="..\..\adplug\player.h">
      <Filter>adplug</Filter>
    </ClInclude>
    <ClInclude Include="..\..\adplug\rix.h">
      <Filter>adplug</Filter>
    </ClInclude>
    <ClInclude Include="..\..\adplug\surroundopl.h">
      <Filter>adplug</Filter>
    </ClInclude>
    <ClInclude Include="..\..\liboggvorbis\include\ogg\config_types.h">
      <Filter>liboggvorbis\include\ogg</Filter>
    </ClInclude>
    <ClInclude Include="..\..\liboggvorbis\include\ogg\ogg.h">
      <Filter>liboggvorbis\include\ogg</Filter>
    </ClInclude>
    <ClInclude Include="..\..\liboggvorbis\include\ogg\os_types.h">
      <Filter>liboggvorbis\include\ogg</Filter>
    </ClInclude>
    <ClInclude Include="..\..\liboggvorbis\include\vorbis\codec.h">
      <Filter>liboggvorbis\include\vorbis</Filter>
    </ClInclude>
    <ClInclude Include="..\..\liboggvorbis\include\vorbis\vorbisenc.h">
      <Filter>liboggvorbis\include\vorbis</Filter>
    </ClInclude>
    <ClInclude Include="..\..\liboggvorbis\include\vorbis\vorbisfile.h">
      <Filter>liboggvorbis\include\vorbis</Filter>
    </ClInclude>
    <ClInclude Include="..\..\liboggvorbis\src\books\coupled\res_books_51.h">
      <Filter>liboggvorbis\src\books\coupled</Filter>
    </ClInclude>
    <ClInclude Include="..\..\liboggvorbis\src\books\coupled\res_books_stereo.h">
      <Filter>liboggvorbis\src\books\coupled</Filter>
    </ClInclude>
    <ClInclude Include="..\..\liboggvorbis\src\books\floor\floor_books.h">
      <Filter>liboggvorbis\src\books\floor</Filter>
    </ClInclude>
    <ClInclude Include="..\..\liboggvorbis\src\books\uncoupled\res_books_uncoupled.h">
      <Filter>liboggvorbis\src\books\uncoupled</Filter>
    </ClInclude>
    <ClInclude Include="..\..\liboggvorbis\src\modes\floor_all.h">
      <Filter>liboggvorbis\src\modes</Filter>
    </ClInclude>
    <ClInclude Include="..\..\liboggvorbis\src\modes\psych_8.h">
      <Filter>liboggvorbis\src\modes</Filter>
    </ClInclude>
    <ClInclude Include="..\..\liboggvorbis\src\modes\psych_11.h">
      <Filter>liboggvorbis\src\modes</Filter>
    </ClInclude>
    <ClInclude Include="..\..\liboggvorbis\src\modes\psych_16.h">
      <Filter>liboggvorbis\src\modes</Filter>
    </ClInclude>
    <ClInclude Include="..\..\liboggvorbis\src\modes\psych_44.h">
      <Filter>liboggvorbis\src\modes</Filter>
    </ClInclude>
    <ClInclude Include="..\..\liboggvorbis\src\modes\residue_8.h">
      <Filter>liboggvorbis\src\modes</Filter>
    </ClInclude>
    <ClInclude Include="..\..\liboggvorbis\src\modes\residue_16.h">
      <Filter>liboggvorbis\src\modes</Filter>
    </ClInclude>
    <ClInclude Include="..\..\liboggvorbis\src\modes\residue_44.h">
      <Filter>liboggvorbis\src\modes</Filter>
    </ClInclude>
    <ClInclude Include="..\..\liboggvorbis\src\modes\residue_44p51.h">
      <Filter>liboggvorbis\src\modes</Filter>
    </ClInclude>
    <ClInclude Include="..\..\liboggvorbis\src\modes\residue_44u.h">
      <Filter>liboggvorbis\src\modes</Filter>
    </ClInclude>
    <ClInclude Include="..\..\liboggvorbis\src\modes\setup_8.h">
      <Filter>liboggvorbis\src\modes</Filter>
    </ClInclude>
    <ClInclude Include="..\..\liboggvorbis\src\modes\setup_11.h">
      <Filter>liboggvorbis\src\modes</Filter>
    </ClInclude>
    <ClInclude Include="..\..\liboggvorbis\src\modes\setup_16.h">
      <Filter>liboggvorbis\src\modes</Filter>
    </ClInclude>
    <ClInclude Include="..\..\liboggvorbis\src\modes\setup_22.h">
      <Filter>liboggvorbis\src\modes</Filter>
    </ClInclude>
    <ClInclude Include="..\..\liboggvorbis\src\modes\setup_32.h">
      <Filter>liboggvorbis\src\modes</Filter>
    </ClInclude>
    <ClInclude Include="..\..\liboggvorbis\src\modes\setup_44.h">
      <Filter>liboggvorbis\src\modes</Filter>
    </ClInclude>
    <ClInclude Include="..\..\liboggvorbis\src\modes\setup_44p51.h">
      <Filter>liboggvorbis\src\modes</Filter>
    </ClInclude>
    <ClInclude Include="..\..\liboggvorbis\src\modes\setup_44u.h">
      <Filter>liboggvorbis\src\modes</Filter>
    </ClInclude>
    <ClInclude Include="..\..\liboggvorbis\src\modes\setup_X.h">
      <Filter>liboggvorbis\src\modes</Filter>
    </ClInclude>
    <ClInclude Include="..\..\liboggvorbis\src\backends.h">
      <Filter>liboggvorbis\src</Filter>
    </ClInclude>
    <ClInclude Include="..\..\liboggvorbis\src\bitrate.h">
      <Filter>liboggvorbis\src</Filter>
    </ClInclude>
    <ClInclude Include="..\..\liboggvorbis\src\codebook.h">
      <Filter>liboggvorbis\src</Filter>
    </ClInclude>
    <ClInclude Include="..\..\liboggvorbis\src\codec_internal.h">
      <Filter>liboggvorbis\src</Filter>
    </ClInclude>
    <ClInclude Include="..\..\liboggvorbis\src\envelope.h">
      <Filter>liboggvorbis\src</Filter>
    </ClInclude>
    <ClInclude Include="..\..\liboggvorbis\src\highlevel.h">
      <Filter>liboggvorbis\src</Filter>
    </ClInclude>
    <ClInclude Include="..\..\liboggvorbis\src\lookup.h">
      <Filter>liboggvorbis\src</Filter>
    </ClInclude>
    <ClInclude Include="..\..\liboggvorbis\src\lookup_data.h">
      <Filter>liboggvorbis\src</Filter>
    </ClInclude>
    <ClInclude Include="..\..\liboggvorbis\src\lpc.h">
      <Filter>liboggvorbis\src</Filter>
    </ClInclude>
    <ClInclude Include="..\..\liboggvorbis\src\lsp.h">
      <Filter>liboggvorbis\src</Filter>
    </ClInclude>
    <ClInclude Include="..\..\liboggvorbis\src\masking.h">
      <Filter>liboggvorbis\src</Filter>
    </ClInclude>
    <ClInclude Include="..\..\liboggvorbis\src\mdct.h">
      <Filter>liboggvorbis\src</Filter>
    </ClInclude>
    <ClInclude Include="..\..\liboggvorbis\src\misc.h">
      <Filter>liboggvorbis\src</Filter>
    </ClInclude>
    <ClInclude Include="..\..\liboggvorbis\src\os.h">
      <Filter>liboggvorbis\src</Filter>
    </ClInclude>
    <ClInclude Include="..\..\liboggvorbis\src\psy.h">
      <Filter>liboggvorbis\src</Filter>
    </ClInclude>
    <ClInclude Include="..\..\liboggvorbis\src\registry.h">
      <Filter>liboggvorbis\src</Filter>
    </ClInclude>
    <ClInclude Include="..\..\liboggvorbis\src\scales.h">
      <Filter>liboggvorbis\src</Filter>
    </ClInclude>
    <ClInclude Include="..\..\liboggvorbis\src\smallft.h">
      <Filter>liboggvorbis\src</Filter>
    </ClInclude>
    <ClInclude Include="..\..\liboggvorbis\src\window.h">
      <Filter>liboggvorbis\src</Filter>
    </ClInclude>
    <ClInclude Include="..\..\libmad\bit.h">
      <Filter>libmad</Filter>
    </ClInclude>
    <ClInclude Include="..\..\libmad\decoder.h">
      <Filter>libmad</Filter>
    </ClInclude>
    <ClInclude Include="..\..\libmad\fixed.h">
      <Filter>libmad</Filter>
    </ClInclude>
    <ClInclude Include="..\..\libmad\frame.h">
      <Filter>libmad</Filter>
    </ClInclude>
    <ClInclude Include="..\..\libmad\huffman.h">
      <Filter>libmad</Filter>
    </ClInclude>
    <ClInclude Include="..\..\libmad\layer3.h">
      <Filter>libmad</Filter>
    </ClInclude>
    <ClInclude Include="..\..\libmad\layer12.h">
      <Filter>libmad</Filter>
    </ClInclude>
    <ClInclude Include="..\..\libmad\libmad_config.h">
      <Filter>libmad</Filter>
    </ClInclude>
    <ClInclude Include="..\..\libmad\libmad_global.h">
      <Filter>libmad</Filter>
    </ClInclude>
    <ClInclude Include="..\..\libmad\mad.h">
      <Filter>libmad</Filter>
    </ClInclude>
    <ClInclude Include="..\..\libmad\music_mad.h">
      <Filter>libmad</Filter>
    </ClInclude>
    <ClInclude Include="..\..\libmad\stream.h">
      <Filter>libmad</Filter>
    </ClInclude>
    <ClInclude Include="..\..\libmad\synth.h">
      <Filter>libmad</Filter>
    </ClInclude>
    <ClInclude Include="..\..\libmad\timer.h">
      <Filter>libmad</Filter>
    </ClInclude>
    <ClInclude Include="..\..\ascii.h">
      <Filter>Header Files</Filter>
    </ClInclude>
    <ClInclude Include="..\..\battle.h">
      <Filter>Header Files</Filter>
    </ClInclude>
    <ClInclude Include="..\..\codepage.h">
      <Filter>Header Files</Filter>
    </ClInclude>
    <ClInclude Include="..\..\common.h">
      <Filter>Header Files</Filter>
    </ClInclude>
    <ClInclude Include="..\..\ending.h">
      <Filter>Header Files</Filter>
    </ClInclude>
    <ClInclude Include="..\..\fight.h">
      <Filter>Header Files</Filter>
    </ClInclude>
    <ClInclude Include="..\..\font.h">
      <Filter>Header Files</Filter>
    </ClInclude>
    <ClInclude Include="..\..\fontglyph.h">
      <Filter>Header Files</Filter>
    </ClInclude>
    <ClInclude Include="..\..\game.h">
      <Filter>Header Files</Filter>
    </ClInclude>
    <ClInclude Include="..\..\global.h">
      <Filter>Header Files</Filter>
    </ClInclude>
    <ClInclude Include="..\..\input.h">
      <Filter>Header Files</Filter>
    </ClInclude>
    <ClInclude Include="..\..\itemmenu.h">
      <Filter>Header Files</Filter>
    </ClInclude>
    <ClInclude Include="..\..\magicmenu.h">
      <Filter>Header Files</Filter>
    </ClInclude>
    <ClInclude Include="..\..\main.h">
      <Filter>Header Files</Filter>
    </ClInclude>
    <ClInclude Include="..\..\map.h">
      <Filter>Header Files</Filter>
    </ClInclude>
    <ClInclude Include="..\..\palcommon.h">
      <Filter>Header Files</Filter>
    </ClInclude>
    <ClInclude Include="..\..\palette.h">
      <Filter>Header Files</Filter>
    </ClInclude>
    <ClInclude Include="..\..\play.h">
      <Filter>Header Files</Filter>
    </ClInclude>
    <ClInclude Include="..\..\res.h">
      <Filter>Header Files</Filter>
    </ClInclude>
    <ClInclude Include="..\..\rngplay.h">
      <Filter>Header Files</Filter>
    </ClInclude>
    <ClInclude Include="..\..\scene.h">
      <Filter>Header Files</Filter>
    </ClInclude>
    <ClInclude Include="..\..\script.h">
      <Filter>Header Files</Filter>
    </ClInclude>
    <ClInclude Include="..\..\audio.h">
      <Filter>Header Files</Filter>
    </ClInclude>
    <ClInclude Include="..\..\text.h">
      <Filter>Header Files</Filter>
    </ClInclude>
    <ClInclude Include="..\..\ui.h">
      <Filter>Header Files</Filter>
    </ClInclude>
    <ClInclude Include="..\..\uibattle.h">
      <Filter>Header Files</Filter>
    </ClInclude>
    <ClInclude Include="..\..\uigame.h">
      <Filter>Header Files</Filter>
    </ClInclude>
    <ClInclude Include="..\..\util.h">
      <Filter>Header Files</Filter>
    </ClInclude>
    <ClInclude Include="..\..\video.h">
      <Filter>Header Files</Filter>
    </ClInclude>
    <ClInclude Include="..\..\midi.h">
      <Filter>Header Files</Filter>
    </ClInclude>
    <ClInclude Include="..\..\players.h">
      <Filter>Header Files</Filter>
    </ClInclude>
    <ClInclude Include="..\..\resampler.h">
      <Filter>Header Files</Filter>
    </ClInclude>
    <ClInclude Include="..\..\palcfg.h">
      <Filter>Header Files</Filter>
    </ClInclude>
    <ClInclude Include="..\pal_config.h">
      <Filter>Header Files</Filter>
    </ClInclude>
    <ClInclude Include="..\..\native_midi\native_midi.h">
      <Filter>native_midi</Filter>
    </ClInclude>
    <ClInclude Include="..\..\native_midi\native_midi_common.h">
      <Filter>native_midi</Filter>
    </ClInclude>
    <ClInclude Include="..\..\generated.h">
      <Filter>generated</Filter>
    </ClInclude>
    <ClInclude Include="..\..\aviplay.h">
      <Filter>Header Files</Filter>
    </ClInclude>
    <ClInclude Include="..\..\riff.h">
      <Filter>Header Files</Filter>
    </ClInclude>
    <ClInclude Include="..\..\adplug\dosbox\dbopl.cpp.h">
      <Filter>adplug\dosbox</Filter>
    </ClInclude>
    <ClInclude Include="..\..\adplug\dosbox\dbopl.h">
      <Filter>adplug\dosbox</Filter>
    </ClInclude>
    <ClInclude Include="..\..\adplug\dosbox\dosbox.h">
      <Filter>adplug\dosbox</Filter>
    </ClInclude>
    <ClInclude Include="..\..\adplug\dosbox\opl.cpp.h">
      <Filter>adplug\dosbox</Filter>
    </ClInclude>
    <ClInclude Include="..\..\adplug\dosbox\opl.h">
      <Filter>adplug\dosbox</Filter>
    </ClInclude>
    <ClInclude Include="..\..\adplug\mame\fmopl.cpp.h">
      <Filter>adplug\mame</Filter>
    </ClInclude>
    <ClInclude Include="..\..\adplug\mame\fmopl.h">
      <Filter>adplug\mame</Filter>
    </ClInclude>
    <ClInclude Include="..\..\adplug\mame\mame.h">
      <Filter>adplug\mame</Filter>
    </ClInclude>
    <ClInclude Include="..\..\adplug\mame\ymf262.cpp.h">
      <Filter>adplug\mame</Filter>
    </ClInclude>
    <ClInclude Include="..\..\adplug\mame\ymf262.h">
      <Filter>adplug\mame</Filter>
    </ClInclude>
    <ClInclude Include="..\..\adplug\nuked\opl3.c.h">
      <Filter>adplug\nuked</Filter>
    </ClInclude>
    <ClInclude Include="..\..\adplug\nuked\opl3.h">
      <Filter>adplug\nuked</Filter>
    </ClInclude>
    <ClInclude Include="..\..\adplug\dosbox_opls.h">
      <Filter>adplug</Filter>
    </ClInclude>
    <ClInclude Include="..\..\adplug\mame_opls.h">
      <Filter>adplug</Filter>
    </ClInclude>
    <ClInclude Include="..\..\adplug\nuked_opl.h">
      <Filter>adplug</Filter>
    </ClInclude>
    <ClInclude Include="..\..\adplug\opltypes.h">
      <Filter>adplug</Filter>
    </ClInclude>
  </ItemGroup>
  <ItemGroup>
    <ClCompile Include="..\..\adplug\binfile.cpp">
      <Filter>adplug</Filter>
    </ClCompile>
    <ClCompile Include="..\..\adplug\binio.cpp">
      <Filter>adplug</Filter>
    </ClCompile>
    <ClCompile Include="..\..\adplug\emuopls.cpp">
      <Filter>adplug</Filter>
    </ClCompile>
    <ClCompile Include="..\..\adplug\fprovide.cpp">
      <Filter>adplug</Filter>
    </ClCompile>
    <ClCompile Include="..\..\adplug\player.cpp">
      <Filter>adplug</Filter>
    </ClCompile>
    <ClCompile Include="..\..\adplug\rix.cpp">
      <Filter>adplug</Filter>
    </ClCompile>
    <ClCompile Include="..\..\adplug\surroundopl.cpp">
      <Filter>adplug</Filter>
    </ClCompile>
    <ClCompile Include="..\..\audio.c">
      <Filter>Source Files</Filter>
    </ClCompile>
    <ClCompile Include="..\..\liboggvorbis\src\analysis.c">
      <Filter>liboggvorbis\src</Filter>
    </ClCompile>
    <ClCompile Include="..\..\liboggvorbis\src\bitrate.c">
      <Filter>liboggvorbis\src</Filter>
    </ClCompile>
    <ClCompile Include="..\..\liboggvorbis\src\bitwise.c">
      <Filter>liboggvorbis\src</Filter>
    </ClCompile>
    <ClCompile Include="..\..\liboggvorbis\src\block.c">
      <Filter>liboggvorbis\src</Filter>
    </ClCompile>
    <ClCompile Include="..\..\liboggvorbis\src\codebook.c">
      <Filter>liboggvorbis\src</Filter>
    </ClCompile>
    <ClCompile Include="..\..\liboggvorbis\src\envelope.c">
      <Filter>liboggvorbis\src</Filter>
    </ClCompile>
    <ClCompile Include="..\..\liboggvorbis\src\floor0.c">
      <Filter>liboggvorbis\src</Filter>
    </ClCompile>
    <ClCompile Include="..\..\liboggvorbis\src\floor1.c">
      <Filter>liboggvorbis\src</Filter>
    </ClCompile>
    <ClCompile Include="..\..\liboggvorbis\src\framing.c">
      <Filter>liboggvorbis\src</Filter>
    </ClCompile>
    <ClCompile Include="..\..\liboggvorbis\src\info.c">
      <Filter>liboggvorbis\src</Filter>
    </ClCompile>
    <ClCompile Include="..\..\liboggvorbis\src\lookup.c">
      <Filter>liboggvorbis\src</Filter>
    </ClCompile>
    <ClCompile Include="..\..\liboggvorbis\src\lpc.c">
      <Filter>liboggvorbis\src</Filter>
    </ClCompile>
    <ClCompile Include="..\..\liboggvorbis\src\lsp.c">
      <Filter>liboggvorbis\src</Filter>
    </ClCompile>
    <ClCompile Include="..\..\liboggvorbis\src\mapping0.c">
      <Filter>liboggvorbis\src</Filter>
    </ClCompile>
    <ClCompile Include="..\..\liboggvorbis\src\mdct.c">
      <Filter>liboggvorbis\src</Filter>
    </ClCompile>
    <ClCompile Include="..\..\liboggvorbis\src\psy.c">
      <Filter>liboggvorbis\src</Filter>
    </ClCompile>
    <ClCompile Include="..\..\liboggvorbis\src\registry.c">
      <Filter>liboggvorbis\src</Filter>
    </ClCompile>
    <ClCompile Include="..\..\liboggvorbis\src\res0.c">
      <Filter>liboggvorbis\src</Filter>
    </ClCompile>
    <ClCompile Include="..\..\liboggvorbis\src\sharedbook.c">
      <Filter>liboggvorbis\src</Filter>
    </ClCompile>
    <ClCompile Include="..\..\liboggvorbis\src\smallft.c">
      <Filter>liboggvorbis\src</Filter>
    </ClCompile>
    <ClCompile Include="..\..\liboggvorbis\src\synthesis.c">
      <Filter>liboggvorbis\src</Filter>
    </ClCompile>
    <ClCompile Include="..\..\liboggvorbis\src\vorbisenc.c">
      <Filter>liboggvorbis\src</Filter>
    </ClCompile>
    <ClCompile Include="..\..\liboggvorbis\src\vorbisfile.c">
      <Filter>liboggvorbis\src</Filter>
    </ClCompile>
    <ClCompile Include="..\..\liboggvorbis\src\window.c">
      <Filter>liboggvorbis\src</Filter>
    </ClCompile>
    <ClCompile Include="..\..\libmad\bit.c">
      <Filter>libmad</Filter>
    </ClCompile>
    <ClCompile Include="..\..\libmad\decoder.c">
      <Filter>libmad</Filter>
    </ClCompile>
    <ClCompile Include="..\..\libmad\fixed.c">
      <Filter>libmad</Filter>
    </ClCompile>
    <ClCompile Include="..\..\libmad\frame.c">
      <Filter>libmad</Filter>
    </ClCompile>
    <ClCompile Include="..\..\libmad\huffman.c">
      <Filter>libmad</Filter>
    </ClCompile>
    <ClCompile Include="..\..\libmad\layer3.c">
      <Filter>libmad</Filter>
    </ClCompile>
    <ClCompile Include="..\..\libmad\layer12.c">
      <Filter>libmad</Filter>
    </ClCompile>
    <ClCompile Include="..\..\libmad\music_mad.c">
      <Filter>libmad</Filter>
    </ClCompile>
    <ClCompile Include="..\..\libmad\stream.c">
      <Filter>libmad</Filter>
    </ClCompile>
    <ClCompile Include="..\..\libmad\synth.c">
      <Filter>libmad</Filter>
    </ClCompile>
    <ClCompile Include="..\..\libmad\timer.c">
      <Filter>libmad</Filter>
    </ClCompile>
    <ClCompile Include="..\..\battle.c">
      <Filter>Source Files</Filter>
    </ClCompile>
    <ClCompile Include="..\..\ending.c">
      <Filter>Source Files</Filter>
    </ClCompile>
    <ClCompile Include="..\..\fight.c">
      <Filter>Source Files</Filter>
    </ClCompile>
    <ClCompile Include="..\..\font.c">
      <Filter>Source Files</Filter>
    </ClCompile>
    <ClCompile Include="..\..\game.c">
      <Filter>Source Files</Filter>
    </ClCompile>
    <ClCompile Include="..\..\global.c">
      <Filter>Source Files</Filter>
    </ClCompile>
    <ClCompile Include="..\..\input.c">
      <Filter>Source Files</Filter>
    </ClCompile>
    <ClCompile Include="..\..\itemmenu.c">
      <Filter>Source Files</Filter>
    </ClCompile>
    <ClCompile Include="..\..\magicmenu.c">
      <Filter>Source Files</Filter>
    </ClCompile>
    <ClCompile Include="..\..\main.c">
      <Filter>Source Files</Filter>
    </ClCompile>
    <ClCompile Include="..\..\map.c">
      <Filter>Source Files</Filter>
    </ClCompile>
    <ClCompile Include="..\..\palcommon.c">
      <Filter>Source Files</Filter>
    </ClCompile>
    <ClCompile Include="..\..\palette.c">
      <Filter>Source Files</Filter>
    </ClCompile>
    <ClCompile Include="..\..\play.c">
      <Filter>Source Files</Filter>
    </ClCompile>
    <ClCompile Include="..\..\res.c">
      <Filter>Source Files</Filter>
    </ClCompile>
    <ClCompile Include="..\..\rixplay.cpp">
      <Filter>Source Files</Filter>
    </ClCompile>
    <ClCompile Include="..\..\rngplay.c">
      <Filter>Source Files</Filter>
    </ClCompile>
    <ClCompile Include="..\..\scene.c">
      <Filter>Source Files</Filter>
    </ClCompile>
    <ClCompile Include="..\..\script.c">
      <Filter>Source Files</Filter>
    </ClCompile>
    <ClCompile Include="..\..\sound.c">
      <Filter>Source Files</Filter>
    </ClCompile>
    <ClCompile Include="..\..\text.c">
      <Filter>Source Files</Filter>
    </ClCompile>
    <ClCompile Include="..\..\ui.c">
      <Filter>Source Files</Filter>
    </ClCompile>
    <ClCompile Include="..\..\uibattle.c">
      <Filter>Source Files</Filter>
    </ClCompile>
    <ClCompile Include="..\..\uigame.c">
      <Filter>Source Files</Filter>
    </ClCompile>
    <ClCompile Include="..\..\util.c">
      <Filter>Source Files</Filter>
    </ClCompile>
    <ClCompile Include="..\..\video.c">
      <Filter>Source Files</Filter>
    </ClCompile>
    <ClCompile Include="..\..\yj1.c">
      <Filter>Source Files</Filter>
    </ClCompile>
    <ClCompile Include="..\..\mp3play.c">
      <Filter>Source Files</Filter>
    </ClCompile>
    <ClCompile Include="..\..\oggplay.c">
      <Filter>Source Files</Filter>
    </ClCompile>
    <ClCompile Include="..\..\resampler.c">
      <Filter>Source Files</Filter>
    </ClCompile>
    <ClCompile Include="..\..\overlay.c">
      <Filter>Source Files</Filter>
    </ClCompile>
    <ClCompile Include="..\..\palcfg.c">
      <Filter>Source Files</Filter>
    </ClCompile>
    <ClCompile Include="..\..\native_midi\native_midi_common.c">
      <Filter>native_midi</Filter>
    </ClCompile>
    <ClCompile Include="..\..\midi.c">
      <Filter>Source Files</Filter>
    </ClCompile>
    <ClCompile Include="..\..\aviplay.c">
      <Filter>Source Files</Filter>
    </ClCompile>
    <ClCompile Include="..\..\video_glsl.c">
      <Filter>Source Files</Filter>
    </ClCompile>
    <ClCompile Include="..\..\glslp.c">
      <Filter>Source Files</Filter>
    </ClCompile>
    <ClCompile Include="..\..\mini_glloader.c">
      <Filter>Source Files</Filter>
    </ClCompile>
    <ClCompile Include="..\..\adplug\dosbox_opls.cpp">
      <Filter>adplug</Filter>
    </ClCompile>
    <ClCompile Include="..\..\adplug\mame_opls.cpp">
      <Filter>adplug</Filter>
    </ClCompile>
  </ItemGroup>
  <ItemGroup>
    <None Include="..\libmad\D.dat">
      <Filter>libmad</Filter>
    </None>
    <None Include="..\libmad\imdct_s.dat">
      <Filter>libmad</Filter>
    </None>
    <None Include="..\libmad\qc_table.dat">
      <Filter>libmad</Filter>
    </None>
    <None Include="..\libmad\rq_table.dat">
      <Filter>libmad</Filter>
    </None>
    <None Include="..\libmad\sf_table.dat">
      <Filter>libmad</Filter>
    </None>
  </ItemGroup>
</Project>