<?xml version="1.0" encoding="utf-8"?>
<Project ToolsVersion="4.0" xmlns="http://schemas.microsoft.com/developer/msbuild/2003">
  <ItemGroup>
    <ClCompile Include="..\3rd\googletest\googletest\src\gtest-all.cc">
      <Filter>dep</Filter>
    </ClCompile>
    <ClCompile Include="..\tests\test_swprintf.cpp">
      <Filter>tests</Filter>
    </ClCompile>
    <ClCompile Include="..\tests\test_main.cpp">
      <Filter>dep</Filter>
    </ClCompile>
  </ItemGroup>
  <ItemGroup>
    <Filter Include="dep">
      <UniqueIdentifier>{7d80fa68-7d55-4187-bdc9-be9ab8f941e3}</UniqueIdentifier>
    </Filter>
    <Filter Include="tests">
      <UniqueIdentifier>{2bd5101c-cb55-4f17-9797-37157f577308}</UniqueIdentifier>
    </Filter>
  </ItemGroup>
</Project>