<?xml version="1.0" encoding="utf-8"?>
<Project ToolsVersion="14.0" xmlns="http://schemas.microsoft.com/developer/msbuild/2003">
  <ItemGroup>
    <Filter Include="Header Files">
      <UniqueIdentifier>{cf0f2e70-7c0e-4e1d-85fd-8badb4eebc16}</UniqueIdentifier>
      <Extensions>h;hpp;hxx;hm;inl</Extensions>
    </Filter>
    <Filter Include="Source Files">
      <UniqueIdentifier>{84a9e657-cba5-4619-9c3c-06a6e248dc8e}</UniqueIdentifier>
      <Extensions>cpp;c;cxx;rc;def;r;odl;idl;hpj;bat</Extensions>
    </Filter>
    <Filter Include="adplug">
      <UniqueIdentifier>{aa39a4b7-ac54-4518-940e-5a285e2e9222}</UniqueIdentifier>
    </Filter>
    <Filter Include="libmad">
      <UniqueIdentifier>{539119ba-ede7-42c7-896b-b2cd0b578240}</UniqueIdentifier>
    </Filter>
    <Filter Include="liboggvorbis">
      <UniqueIdentifier>{1bcf3edd-baa4-423c-a302-84887c368238}</UniqueIdentifier>
    </Filter>
    <Filter Include="liboggvorbis\include">
      <UniqueIdentifier>{3bc338dc-4bb7-43fc-8ce4-635e19568e01}</UniqueIdentifier>
    </Filter>
    <Filter Include="liboggvorbis\src">
      <UniqueIdentifier>{9609cbfb-5117-433b-aeee-5e6ad2db3c34}</UniqueIdentifier>
    </Filter>
    <Filter Include="liboggvorbis\include\ogg">
      <UniqueIdentifier>{bc8567f3-e3c0-4240-b11d-ad1214a672b4}</UniqueIdentifier>
    </Filter>
    <Filter Include="liboggvorbis\include\vorbis">
      <UniqueIdentifier>{971e64c5-7be1-4989-8367-b59f1e068482}</UniqueIdentifier>
    </Filter>
    <Filter Include="liboggvorbis\src\books">
      <UniqueIdentifier>{b3b540b5-fe6b-4252-aec5-b35abe974b90}</UniqueIdentifier>
    </Filter>
    <Filter Include="liboggvorbis\src\modes">
      <UniqueIdentifier>{2ff985b7-7dd0-4761-8667-a36ca949f734}</UniqueIdentifier>
    </Filter>
    <Filter Include="liboggvorbis\src\books\coupled">
      <UniqueIdentifier>{3c9a9ae9-25b1-4afc-afcb-8a1cc6a64128}</UniqueIdentifier>
    </Filter>
    <Filter Include="liboggvorbis\src\books\floor">
      <UniqueIdentifier>{8af59b90-c90e-4ca6-bf2d-eef8c0bdd4fd}</UniqueIdentifier>
    </Filter>
    <Filter Include="liboggvorbis\src\books\uncoupled">
      <UniqueIdentifier>{b966ba97-2cb8-40dd-9e3c-7c0d596770e4}</UniqueIdentifier>
    </Filter>
  </ItemGroup>
  <ItemGroup>
    <ClInclude Include="..\..\adplug\binfile.h">
      <Filter>adplug</Filter>
    </ClInclude>
    <ClInclude Include="..\..\adplug\binio.h">
      <Filter>adplug</Filter>
    </ClInclude>
    <ClInclude Include="..\..\adplug\demuopl.h">
      <Filter>adplug</Filter>
    </ClInclude>
    <ClInclude Include="..\..\adplug\dosbox_opl.h">
      <Filter>adplug</Filter>
    </ClInclude>
    <ClInclude Include="..\..\adplug\emuopl.h">
      <Filter>adplug</Filter>
    </ClInclude>
    <ClInclude Include="..\..\adplug\fmopl.h">
      <Filter>adplug</Filter>
    </ClInclude>
    <ClInclude Include="..\..\adplug\fprovide.h">
      <Filter>adplug</Filter>
    </ClInclude>
    <ClInclude Include="..\..\adplug\opl.h">
      <Filter>adplug</Filter>
    </ClInclude>
    <ClInclude Include="..\..\adplug\player.h">
      <Filter>adplug</Filter>
    </ClInclude>
    <ClInclude Include="..\..\adplug\rix.h">
      <Filter>adplug</Filter>
    </ClInclude>
    <ClInclude Include="..\..\adplug\surroundopl.h">
      <Filter>adplug</Filter>
    </ClInclude>
    <ClInclude Include="..\..\adplug\adlibemu.h">
      <Filter>adplug</Filter>
    </ClInclude>
    <ClInclude Include="..\..\adplug\dbemuopl.h">
      <Filter>adplug</Filter>
    </ClInclude>
    <ClInclude Include="..\..\adplug\dbopl.h">
      <Filter>adplug</Filter>
    </ClInclude>
    <ClInclude Include="..\..\liboggvorbis\include\ogg\config_types.h">
      <Filter>liboggvorbis\include\ogg</Filter>
    </ClInclude>
    <ClInclude Include="..\..\liboggvorbis\include\ogg\ogg.h">
      <Filter>liboggvorbis\include\ogg</Filter>
    </ClInclude>
    <ClInclude Include="..\..\liboggvorbis\include\ogg\os_types.h">
      <Filter>liboggvorbis\include\ogg</Filter>
    </ClInclude>
    <ClInclude Include="..\..\liboggvorbis\include\vorbis\codec.h">
      <Filter>liboggvorbis\include\vorbis</Filter>
    </ClInclude>
    <ClInclude Include="..\..\liboggvorbis\include\vorbis\vorbisenc.h">
      <Filter>liboggvorbis\include\vorbis</Filter>
    </ClInclude>
    <ClInclude Include="..\..\liboggvorbis\include\vorbis\vorbisfile.h">
      <Filter>liboggvorbis\include\vorbis</Filter>
    </ClInclude>
    <ClInclude Include="..\..\liboggvorbis\src\books\coupled\res_books_51.h">
      <Filter>liboggvorbis\src\books\coupled</Filter>
    </ClInclude>
    <ClInclude Include="..\..\liboggvorbis\src\books\coupled\res_books_stereo.h">
      <Filter>liboggvorbis\src\books\coupled</Filter>
    </ClInclude>
    <ClInclude Include="..\..\liboggvorbis\src\books\floor\floor_books.h">
      <Filter>liboggvorbis\src\books\floor</Filter>
    </ClInclude>
    <ClInclude Include="..\..\liboggvorbis\src\books\uncoupled\res_books_uncoupled.h">
      <Filter>liboggvorbis\src\books\uncoupled</Filter>
    </ClInclude>
    <ClInclude Include="..\..\liboggvorbis\src\modes\floor_all.h">
      <Filter>liboggvorbis\src\modes</Filter>
    </ClInclude>
    <ClInclude Include="..\..\liboggvorbis\src\modes\psych_8.h">
      <Filter>liboggvorbis\src\modes</Filter>
    </ClInclude>
    <ClInclude Include="..\..\liboggvorbis\src\modes\psych_11.h">
      <Filter>liboggvorbis\src\modes</Filter>
    </ClInclude>
    <ClInclude Include="..\..\liboggvorbis\src\modes\psych_16.h">
      <Filter>liboggvorbis\src\modes</Filter>
    </ClInclude>
    <ClInclude Include="..\..\liboggvorbis\src\modes\psych_44.h">
      <Filter>liboggvorbis\src\modes</Filter>
    </ClInclude>
    <ClInclude Include="..\..\liboggvorbis\src\modes\residue_8.h">
      <Filter>liboggvorbis\src\modes</Filter>
    </ClInclude>
    <ClInclude Include="..\..\liboggvorbis\src\modes\residue_16.h">
      <Filter>liboggvorbis\src\modes</Filter>
    </ClInclude>
    <ClInclude Include="..\..\liboggvorbis\src\modes\residue_44.h">
      <Filter>liboggvorbis\src\modes</Filter>
    </ClInclude>
    <ClInclude Include="..\..\liboggvorbis\src\modes\residue_44p51.h">
      <Filter>liboggvorbis\src\modes</Filter>
    </ClInclude>
    <ClInclude Include="..\..\liboggvorbis\src\modes\residue_44u.h">
      <Filter>liboggvorbis\src\modes</Filter>
    </ClInclude>
    <ClInclude Include="..\..\liboggvorbis\src\modes\setup_8.h">
      <Filter>liboggvorbis\src\modes</Filter>
    </ClInclude>
    <ClInclude Include="..\..\liboggvorbis\src\modes\setup_11.h">
      <Filter>liboggvorbis\src\modes</Filter>
    </ClInclude>
    <ClInclude Include="..\..\liboggvorbis\src\modes\setup_16.h">
      <Filter>liboggvorbis\src\modes</Filter>
    </ClInclude>
    <ClInclude Include="..\..\liboggvorbis\src\modes\setup_22.h">
      <Filter>liboggvorbis\src\modes</Filter>
    </ClInclude>
    <ClInclude Include="..\..\liboggvorbis\src\modes\setup_32.h">
      <Filter>liboggvorbis\src\modes</Filter>
    </ClInclude>
    <ClInclude Include="..\..\liboggvorbis\src\modes\setup_44.h">
      <Filter>liboggvorbis\src\modes</Filter>
    </ClInclude>
    <ClInclude Include="..\..\liboggvorbis\src\modes\setup_44p51.h">
      <Filter>liboggvorbis\src\modes</Filter>
    </ClInclude>
    <ClInclude Include="..\..\liboggvorbis\src\modes\setup_44u.h">
      <Filter>liboggvorbis\src\modes</Filter>
    </ClInclude>
    <ClInclude Include="..\..\liboggvorbis\src\modes\setup_X.h">
      <Filter>liboggvorbis\src\modes</Filter>
    </ClInclude>
    <ClInclude Include="..\..\liboggvorbis\src\backends.h">
      <Filter>liboggvorbis\src</Filter>
    </ClInclude>
    <ClInclude Include="..\..\liboggvorbis\src\bitrate.h">
      <Filter>liboggvorbis\src</Filter>
    </ClInclude>
    <ClInclude Include="..\..\liboggvorbis\src\codebook.h">
      <Filter>liboggvorbis\src</Filter>
    </ClInclude>
    <ClInclude Include="..\..\liboggvorbis\src\codec_internal.h">
      <Filter>liboggvorbis\src</Filter>
    </ClInclude>
    <ClInclude Include="..\..\liboggvorbis\src\envelope.h">
      <Filter>liboggvorbis\src</Filter>
    </ClInclude>
    <ClInclude Include="..\..\liboggvorbis\src\highlevel.h">
      <Filter>liboggvorbis\src</Filter>
    </ClInclude>
    <ClInclude Include="..\..\liboggvorbis\src\lookup.h">
      <Filter>liboggvorbis\src</Filter>
    </ClInclude>
    <ClInclude Include="..\..\liboggvorbis\src\lookup_data.h">
      <Filter>liboggvorbis\src</Filter>
    </ClInclude>
    <ClInclude Include="..\..\liboggvorbis\src\lpc.h">
      <Filter>liboggvorbis\src</Filter>
    </ClInclude>
    <ClInclude Include="..\..\liboggvorbis\src\lsp.h">
      <Filter>liboggvorbis\src</Filter>
    </ClInclude>
    <ClInclude Include="..\..\liboggvorbis\src\masking.h">
      <Filter>liboggvorbis\src</Filter>
    </ClInclude>
    <ClInclude Include="..\..\liboggvorbis\src\mdct.h">
      <Filter>liboggvorbis\src</Filter>
    </ClInclude>
    <ClInclude Include="..\..\liboggvorbis\src\misc.h">
      <Filter>liboggvorbis\src</Filter>
    </ClInclude>
    <ClInclude Include="..\..\liboggvorbis\src\os.h">
      <Filter>liboggvorbis\src</Filter>
    </ClInclude>
    <ClInclude Include="..\..\liboggvorbis\src\psy.h">
      <Filter>liboggvorbis\src</Filter>
    </ClInclude>
    <ClInclude Include="..\..\liboggvorbis\src\registry.h">
      <Filter>liboggvorbis\src</Filter>
    </ClInclude>
    <ClInclude Include="..\..\liboggvorbis\src\scales.h">
      <Filter>liboggvorbis\src</Filter>
    </ClInclude>
    <ClInclude Include="..\..\liboggvorbis\src\smallft.h">
      <Filter>liboggvorbis\src</Filter>
    </ClInclude>
    <ClInclude Include="..\..\liboggvorbis\src\window.h">
      <Filter>liboggvorbis\src</Filter>
    </ClInclude>
    <ClInclude Include="..\..\libmad\bit.h">
      <Filter>libmad</Filter>
    </ClInclude>
    <ClInclude Include="..\..\libmad\decoder.h">
      <Filter>libmad</Filter>
    </ClInclude>
    <ClInclude Include="..\..\libmad\fixed.h">
      <Filter>libmad</Filter>
    </ClInclude>
    <ClInclude Include="..\..\libmad\frame.h">
      <Filter>libmad</Filter>
    </ClInclude>
    <ClInclude Include="..\..\libmad\huffman.h">
      <Filter>libmad</Filter>
    </ClInclude>
    <ClInclude Include="..\..\libmad\layer3.h">
      <Filter>libmad</Filter>
    </ClInclude>
    <ClInclude Include="..\..\libmad\layer12.h">
      <Filter>libmad</Filter>
    </ClInclude>
    <ClInclude Include="..\..\libmad\libmad_config.h">
      <Filter>libmad</Filter>
    </ClInclude>
    <ClInclude Include="..\..\libmad\libmad_global.h">
      <Filter>libmad</Filter>
    </ClInclude>
    <ClInclude Include="..\..\libmad\mad.h">
      <Filter>libmad</Filter>
    </ClInclude>
    <ClInclude Include="..\..\libmad\music_mad.h">
      <Filter>libmad</Filter>
    </ClInclude>
    <ClInclude Include="..\..\libmad\stream.h">
      <Filter>libmad</Filter>
    </ClInclude>
    <ClInclude Include="..\..\libmad\synth.h">
      <Filter>libmad</Filter>
    </ClInclude>
    <ClInclude Include="..\..\libmad\timer.h">
      <Filter>libmad</Filter>
    </ClInclude>
    <ClInclude Include="..\..\ascii.h">
      <Filter>Header Files</Filter>
    </ClInclude>
    <ClInclude Include="..\..\battle.h">
      <Filter>Header Files</Filter>
    </ClInclude>
    <ClInclude Include="..\..\codepage.h">
      <Filter>Header Files</Filter>
    </ClInclude>
    <ClInclude Include="..\..\common.h">
      <Filter>Header Files</Filter>
    </ClInclude>
    <ClInclude Include="..\..\ending.h">
      <Filter>Header Files</Filter>
    </ClInclude>
    <ClInclude Include="..\..\fight.h">
      <Filter>Header Files</Filter>
    </ClInclude>
    <ClInclude Include="..\..\font.h">
      <Filter>Header Files</Filter>
    </ClInclude>
    <ClInclude Include="..\..\fontglyph.h">
      <Filter>Header Files</Filter>
    </ClInclude>
    <ClInclude Include="..\..\game.h">
      <Filter>Header Files</Filter>
    </ClInclude>
    <ClInclude Include="..\..\global.h">
      <Filter>Header Files</Filter>
    </ClInclude>
    <ClInclude Include="..\..\input.h">
      <Filter>Header Files</Filter>
    </ClInclude>
    <ClInclude Include="..\..\itemmenu.h">
      <Filter>Header Files</Filter>
    </ClInclude>
    <ClInclude Include="..\..\magicmenu.h">
      <Filter>Header Files</Filter>
    </ClInclude>
    <ClInclude Include="..\..\main.h">
      <Filter>Header Files</Filter>
    </ClInclude>
    <ClInclude Include="..\..\map.h">
      <Filter>Header Files</Filter>
    </ClInclude>
    <ClInclude Include="..\..\palcommon.h">
      <Filter>Header Files</Filter>
    </ClInclude>
    <ClInclude Include="..\..\palette.h">
      <Filter>Header Files</Filter>
    </ClInclude>
    <ClInclude Include="..\..\play.h">
      <Filter>Header Files</Filter>
    </ClInclude>
    <ClInclude Include="..\..\res.h">
      <Filter>Header Files</Filter>
    </ClInclude>
    <ClInclude Include="..\..\rngplay.h">
      <Filter>Header Files</Filter>
    </ClInclude>
    <ClInclude Include="..\..\scene.h">
      <Filter>Header Files</Filter>
    </ClInclude>
    <ClInclude Include="..\..\script.h">
      <Filter>Header Files</Filter>
    </ClInclude>
    <ClInclude Include="..\..\audio.h">
      <Filter>Header Files</Filter>
    </ClInclude>
    <ClInclude Include="..\..\text.h">
      <Filter>Header Files</Filter>
    </ClInclude>
    <ClInclude Include="..\..\ui.h">
      <Filter>Header Files</Filter>
    </ClInclude>
    <ClInclude Include="..\..\uibattle.h">
      <Filter>Header Files</Filter>
    </ClInclude>
    <ClInclude Include="..\..\uigame.h">
      <Filter>Header Files</Filter>
    </ClInclude>
    <ClInclude Include="..\..\util.h">
      <Filter>Header Files</Filter>
    </ClInclude>
    <ClInclude Include="..\..\video.h">
      <Filter>Header Files</Filter>
    </ClInclude>
    <ClInclude Include="..\..\midi.h">
      <Filter>Header Files</Filter>
    </ClInclude>
    <ClInclude Include="..\..\players.h">
      <Filter>Header Files</Filter>
    </ClInclude>
    <ClInclude Include="..\..\resampler.h">
      <Filter>Header Files</Filter>
    </ClInclude>
    <ClInclude Include="..\..\palcfg.h">
      <Filter>Header Files</Filter>
    </ClInclude>
    <ClInclude Include="..\pal_config.h">
      <Filter>Header Files</Filter>
    </ClInclude>
  </ItemGroup>
  <ItemGroup>
    <ClCompile Include="..\..\adplug\binfile.cpp">
      <Filter>adplug</Filter>
    </ClCompile>
    <ClCompile Include="..\..\adplug\binio.cpp">
      <Filter>adplug</Filter>
    </ClCompile>
    <ClCompile Include="..\..\adplug\dosbox_opl.cpp">
      <Filter>adplug</Filter>
    </ClCompile>
    <ClCompile Include="..\..\adplug\emuopl.cpp">
      <Filter>adplug</Filter>
    </ClCompile>
    <ClCompile Include="..\..\adplug\fmopl.c">
      <Filter>adplug</Filter>
    </ClCompile>
    <ClCompile Include="..\..\adplug\fprovide.cpp">
      <Filter>adplug</Filter>
    </ClCompile>
    <ClCompile Include="..\..\adplug\player.cpp">
      <Filter>adplug</Filter>
    </ClCompile>
    <ClCompile Include="..\..\adplug\rix.cpp">
      <Filter>adplug</Filter>
    </ClCompile>
    <ClCompile Include="..\..\adplug\surroundopl.cpp">
      <Filter>adplug</Filter>
    </ClCompile>
    <ClCompile Include="..\..\adplug\adlibemu.c">
      <Filter>adplug</Filter>
    </ClCompile>
    <ClCompile Include="..\..\adplug\dbemuopl.cpp">
      <Filter>adplug</Filter>
    </ClCompile>
    <ClCompile Include="..\..\adplug\dbopl.cpp">
      <Filter>adplug</Filter>
    </ClCompile>
    <ClCompile Include="..\..\adplug\demuopl.cpp">
      <Filter>adplug</Filter>
    </ClCompile>
    <ClCompile Include="..\..\audio.c">
      <Filter>Source Files</Filter>
    </ClCompile>
    <ClCompile Include="..\..\liboggvorbis\src\analysis.c">
      <Filter>liboggvorbis\src</Filter>
    </ClCompile>
    <ClCompile Include="..\..\liboggvorbis\src\bitrate.c">
      <Filter>liboggvorbis\src</Filter>
    </ClCompile>
    <ClCompile Include="..\..\liboggvorbis\src\bitwise.c">
      <Filter>liboggvorbis\src</Filter>
    </ClCompile>
    <ClCompile Include="..\..\liboggvorbis\src\block.c">
      <Filter>liboggvorbis\src</Filter>
    </ClCompile>
    <ClCompile Include="..\..\liboggvorbis\src\codebook.c">
      <Filter>liboggvorbis\src</Filter>
    </ClCompile>
    <ClCompile Include="..\..\liboggvorbis\src\envelope.c">
      <Filter>liboggvorbis\src</Filter>
    </ClCompile>
    <ClCompile Include="..\..\liboggvorbis\src\floor0.c">
      <Filter>liboggvorbis\src</Filter>
    </ClCompile>
    <ClCompile Include="..\..\liboggvorbis\src\floor1.c">
      <Filter>liboggvorbis\src</Filter>
    </ClCompile>
    <ClCompile Include="..\..\liboggvorbis\src\framing.c">
      <Filter>liboggvorbis\src</Filter>
    </ClCompile>
    <ClCompile Include="..\..\liboggvorbis\src\info.c">
      <Filter>liboggvorbis\src</Filter>
    </ClCompile>
    <ClCompile Include="..\..\liboggvorbis\src\lookup.c">
      <Filter>liboggvorbis\src</Filter>
    </ClCompile>
    <ClCompile Include="..\..\liboggvorbis\src\lpc.c">
      <Filter>liboggvorbis\src</Filter>
    </ClCompile>
    <ClCompile Include="..\..\liboggvorbis\src\lsp.c">
      <Filter>liboggvorbis\src</Filter>
    </ClCompile>
    <ClCompile Include="..\..\liboggvorbis\src\mapping0.c">
      <Filter>liboggvorbis\src</Filter>
    </ClCompile>
    <ClCompile Include="..\..\liboggvorbis\src\mdct.c">
      <Filter>liboggvorbis\src</Filter>
    </ClCompile>
    <ClCompile Include="..\..\liboggvorbis\src\psy.c">
      <Filter>liboggvorbis\src</Filter>
    </ClCompile>
    <ClCompile Include="..\..\liboggvorbis\src\registry.c">
      <Filter>liboggvorbis\src</Filter>
    </ClCompile>
    <ClCompile Include="..\..\liboggvorbis\src\res0.c">
      <Filter>liboggvorbis\src</Filter>
    </ClCompile>
    <ClCompile Include="..\..\liboggvorbis\src\sharedbook.c">
      <Filter>liboggvorbis\src</Filter>
    </ClCompile>
    <ClCompile Include="..\..\liboggvorbis\src\smallft.c">
      <Filter>liboggvorbis\src</Filter>
    </ClCompile>
    <ClCompile Include="..\..\liboggvorbis\src\synthesis.c">
      <Filter>liboggvorbis\src</Filter>
    </ClCompile>
    <ClCompile Include="..\..\liboggvorbis\src\vorbisenc.c">
      <Filter>liboggvorbis\src</Filter>
    </ClCompile>
    <ClCompile Include="..\..\liboggvorbis\src\vorbisfile.c">
      <Filter>liboggvorbis\src</Filter>
    </ClCompile>
    <ClCompile Include="..\..\liboggvorbis\src\window.c">
      <Filter>liboggvorbis\src</Filter>
    </ClCompile>
    <ClCompile Include="..\..\libmad\bit.c">
      <Filter>libmad</Filter>
    </ClCompile>
    <ClCompile Include="..\..\libmad\decoder.c">
      <Filter>libmad</Filter>
    </ClCompile>
    <ClCompile Include="..\..\libmad\fixed.c">
      <Filter>libmad</Filter>
    </ClCompile>
    <ClCompile Include="..\..\libmad\frame.c">
      <Filter>libmad</Filter>
    </ClCompile>
    <ClCompile Include="..\..\libmad\huffman.c">
      <Filter>libmad</Filter>
    </ClCompile>
    <ClCompile Include="..\..\libmad\layer3.c">
      <Filter>libmad</Filter>
    </ClCompile>
    <ClCompile Include="..\..\libmad\layer12.c">
      <Filter>libmad</Filter>
    </ClCompile>
    <ClCompile Include="..\..\libmad\music_mad.c">
      <Filter>libmad</Filter>
    </ClCompile>
    <ClCompile Include="..\..\libmad\stream.c">
      <Filter>libmad</Filter>
    </ClCompile>
    <ClCompile Include="..\..\libmad\synth.c">
      <Filter>libmad</Filter>
    </ClCompile>
    <ClCompile Include="..\..\libmad\timer.c">
      <Filter>libmad</Filter>
    </ClCompile>
    <ClCompile Include="..\..\battle.c">
      <Filter>Source Files</Filter>
    </ClCompile>
    <ClCompile Include="..\..\ending.c">
      <Filter>Source Files</Filter>
    </ClCompile>
    <ClCompile Include="..\..\fight.c">
      <Filter>Source Files</Filter>
    </ClCompile>
    <ClCompile Include="..\..\font.c">
      <Filter>Source Files</Filter>
    </ClCompile>
    <ClCompile Include="..\..\game.c">
      <Filter>Source Files</Filter>
    </ClCompile>
    <ClCompile Include="..\..\global.c">
      <Filter>Source Files</Filter>
    </ClCompile>
    <ClCompile Include="..\..\input.c">
      <Filter>Source Files</Filter>
    </ClCompile>
    <ClCompile Include="..\..\itemmenu.c">
      <Filter>Source Files</Filter>
    </ClCompile>
    <ClCompile Include="..\..\magicmenu.c">
      <Filter>Source Files</Filter>
    </ClCompile>
    <ClCompile Include="..\..\main.c">
      <Filter>Source Files</Filter>
    </ClCompile>
    <ClCompile Include="..\..\map.c">
      <Filter>Source Files</Filter>
    </ClCompile>
    <ClCompile Include="..\..\palcommon.c">
      <Filter>Source Files</Filter>
    </ClCompile>
    <ClCompile Include="..\..\palette.c">
      <Filter>Source Files</Filter>
    </ClCompile>
    <ClCompile Include="..\..\play.c">
      <Filter>Source Files</Filter>
    </ClCompile>
    <ClCompile Include="..\..\res.c">
      <Filter>Source Files</Filter>
    </ClCompile>
    <ClCompile Include="..\..\rixplay.cpp">
      <Filter>Source Files</Filter>
    </ClCompile>
    <ClCompile Include="..\..\rngplay.c">
      <Filter>Source Files</Filter>
    </ClCompile>
    <ClCompile Include="..\..\scene.c">
      <Filter>Source Files</Filter>
    </ClCompile>
    <ClCompile Include="..\..\script.c">
      <Filter>Source Files</Filter>
    </ClCompile>
    <ClCompile Include="..\..\sound.c">
      <Filter>Source Files</Filter>
    </ClCompile>
    <ClCompile Include="..\..\text.c">
      <Filter>Source Files</Filter>
    </ClCompile>
    <ClCompile Include="..\..\ui.c">
      <Filter>Source Files</Filter>
    </ClCompile>
    <ClCompile Include="..\..\uibattle.c">
      <Filter>Source Files</Filter>
    </ClCompile>
    <ClCompile Include="..\..\uigame.c">
      <Filter>Source Files</Filter>
    </ClCompile>
    <ClCompile Include="..\..\util.c">
      <Filter>Source Files</Filter>
    </ClCompile>
    <ClCompile Include="..\..\video.c">
      <Filter>Source Files</Filter>
    </ClCompile>
    <ClCompile Include="..\..\yj1.c">
      <Filter>Source Files</Filter>
    </ClCompile>
    <ClCompile Include="..\..\mp3play.c">
      <Filter>Source Files</Filter>
    </ClCompile>
    <ClCompile Include="..\..\oggplay.c">
      <Filter>Source Files</Filter>
    </ClCompile>
    <ClCompile Include="..\..\resampler.c">
      <Filter>Source Files</Filter>
    </ClCompile>
    <ClCompile Include="..\..\overlay.c">
      <Filter>Source Files</Filter>
    </ClCompile>
    <ClCompile Include="..\..\palcfg.c">
      <Filter>Source Files</Filter>
    </ClCompile>
  </ItemGroup>
  <ItemGroup>
    <None Include="..\libmad\D.dat">
      <Filter>libmad</Filter>
    </None>
    <None Include="..\libmad\imdct_s.dat">
      <Filter>libmad</Filter>
    </None>
    <None Include="..\libmad\qc_table.dat">
      <Filter>libmad</Filter>
    </None>
    <None Include="..\libmad\rq_table.dat">
      <Filter>libmad</Filter>
    </None>
    <None Include="..\libmad\sf_table.dat">
      <Filter>libmad</Filter>
    </None>
  </ItemGroup>
</Project>