PODS:
  - ActionSheetPicker-3.0 (2.3.0)

DEPENDENCIES:
  - ActionSheetPicker-3.0 (from `https://github.com/arnoldxt/ActionSheetPicker-3.0`)

EXTERNAL SOURCES:
  ActionSheetPicker-3.0:
    :git: https://github.com/arnoldxt/ActionSheetPicker-3.0

CHECKOUT OPTIONS:
  ActionSheetPicker-3.0:
    :commit: ad21f8c8908665ee68623d4fee6c26baaa4cb0dd
    :git: https://github.com/arnoldxt/ActionSheetPicker-3.0

SPEC CHECKSUMS:
  ActionSheetPicker-3.0: eef157d75e151f255c5333d26656c7fbfe905a51

PODFILE CHECKSUM: 127c6b1e35507ac5690f7c9e987f16b4f6c1f229

COCOAPODS: 1.10.1
